
Microsoft Visual Studio Solution File, Format Version 12.00
# Visual Studio Version 16
VisualStudioVersion = 16.0.30621.155
MinimumVisualStudioVersion = 10.0.40219.1
Project("{FAE04EC0-301F-11D3-BF4B-00C04F79EFBC}") = "test", "test.csproj", "{83C9F272-E204-466E-995D-53A00C90798C}"
EndProject
Global
	GlobalSection(SolutionConfigurationPlatforms) = preSolution
		Debug|Any CPU = Debug|Any CPU
		Release|Any CPU = Release|Any CPU
	EndGlobalSection
	GlobalSection(ProjectConfigurationPlatforms) = postSolution
		{83C9F272-E204-466E-995D-53A00C90798C}.Debug|Any CPU.ActiveCfg = Debug|Any CPU
		{83C9F272-E204-466E-995D-53A00C90798C}.Debug|Any CPU.Build.0 = Debug|Any CPU
		{83C9F272-E204-466E-995D-53A00C90798C}.Release|Any CPU.ActiveCfg = Release|Any CPU
		{83C9F272-E204-466E-995D-53A00C90798C}.Release|Any CPU.Build.0 = Release|Any CPU
	EndGlobalSection
	GlobalSection(SolutionProperties) = preSolution
		HideSolutionNode = FALSE
	EndGlobalSection
	GlobalSection(ExtensibilityGlobals) = postSolution
		SolutionGuid = {1EAF63A5-D764-4F78-A5E0-29D68BE3F244}
	EndGlobalSection
EndGlobal
